
Microsoft Visual Studio Solution File, Format Version 12.00
# Visual Studio Version 17
VisualStudioVersion = 17.4.33213.308
MinimumVisualStudioVersion = 10.0.40219.1
Project("{FAE04EC0-301F-11D3-BF4B-00C04F79EFBC}") = "CalculateInterestRateApi", "CalculateInterestRateApi\CalculateInterestRateApi.csproj", "{E9DB0458-3AA7-4289-B6A7-CB15772E4A08}"
EndProject
Global
	GlobalSection(SolutionConfigurationPlatforms) = preSolution
		Debug|Any CPU = Debug|Any CPU
		Release|Any CPU = Release|Any CPU
	EndGlobalSection
	GlobalSection(ProjectConfigurationPlatforms) = postSolution
		{E9DB0458-3AA7-4289-B6A7-CB15772E4A08}.Debug|Any CPU.ActiveCfg = Debug|Any CPU
		{E9DB0458-3AA7-4289-B6A7-CB15772E4A08}.Debug|Any CPU.Build.0 = Debug|Any CPU
		{E9DB0458-3AA7-4289-B6A7-CB15772E4A08}.Release|Any CPU.ActiveCfg = Release|Any CPU
		{E9DB0458-3AA7-4289-B6A7-CB15772E4A08}.Release|Any CPU.Build.0 = Release|Any CPU
	EndGlobalSection
	GlobalSection(SolutionProperties) = preSolution
		HideSolutionNode = FALSE
	EndGlobalSection
	GlobalSection(ExtensibilityGlobals) = postSolution
		SolutionGuid = {3EFA2B81-7523-42B9-AE53-B8453174DD02}
	EndGlobalSection
EndGlobal
